
Microsoft Visual Studio Solution File, Format Version 12.00
# Visual Studio Version 16
VisualStudioVersion = 16.0.30717.126
MinimumVisualStudioVersion = 10.0.40219.1
Project("{FAE04EC0-301F-11D3-BF4B-00C04F79EFBC}") = "MyWebService", "MyWebService\MyWebService.csproj", "{7A061CAA-7F42-4414-9844-8EE29A4AC474}"
EndProject
Project("{FAE04EC0-301F-11D3-BF4B-00C04F79EFBC}") = "ClientForWebService", "ClientForWebService\ClientForWebService.csproj", "{716EEE83-1E1D-4E0B-B78D-C833FA72ED3F}"
EndProject
Global
	GlobalSection(SolutionConfigurationPlatforms) = preSolution
		Debug|Any CPU = Debug|Any CPU
		Release|Any CPU = Release|Any CPU
	EndGlobalSection
	GlobalSection(ProjectConfigurationPlatforms) = postSolution
		{7A061CAA-7F42-4414-9844-8EE29A4AC474}.Debug|Any CPU.ActiveCfg = Debug|Any CPU
		{7A061CAA-7F42-4414-9844-8EE29A4AC474}.Debug|Any CPU.Build.0 = Debug|Any CPU
		{7A061CAA-7F42-4414-9844-8EE29A4AC474}.Release|Any CPU.ActiveCfg = Release|Any CPU
		{7A061CAA-7F42-4414-9844-8EE29A4AC474}.Release|Any CPU.Build.0 = Release|Any CPU
		{716EEE83-1E1D-4E0B-B78D-C833FA72ED3F}.Debug|Any CPU.ActiveCfg = Debug|Any CPU
		{716EEE83-1E1D-4E0B-B78D-C833FA72ED3F}.Debug|Any CPU.Build.0 = Debug|Any CPU
		{716EEE83-1E1D-4E0B-B78D-C833FA72ED3F}.Release|Any CPU.ActiveCfg = Release|Any CPU
		{716EEE83-1E1D-4E0B-B78D-C833FA72ED3F}.Release|Any CPU.Build.0 = Release|Any CPU
	EndGlobalSection
	GlobalSection(SolutionProperties) = preSolution
		HideSolutionNode = FALSE
	EndGlobalSection
	GlobalSection(ExtensibilityGlobals) = postSolution
		SolutionGuid = {54E30022-E08A-4F43-BC30-52089EB4AE23}
	EndGlobalSection
EndGlobal
