
Microsoft Visual Studio Solution File, Format Version 12.00
# Visual Studio Version 16
VisualStudioVersion = 16.0.30717.126
MinimumVisualStudioVersion = 10.0.40219.1
Project("{FAE04EC0-301F-11D3-BF4B-00C04F79EFBC}") = "DemoConsoleApp3", "DemoConsoleApp3\DemoConsoleApp3.csproj", "{C4FD96A5-6821-4820-B062-AB5C7CF1DD24}"
EndProject
Project("{FAE04EC0-301F-11D3-BF4B-00C04F79EFBC}") = "Assignmt2_Emp", "Assignmt2_Emp\Assignmt2_Emp.csproj", "{599B5A06-CA53-44AC-B5A5-F398A058A111}"
EndProject
Project("{FAE04EC0-301F-11D3-BF4B-00C04F79EFBC}") = "InterfacesDemo", "InterfacesDemo\InterfacesDemo.csproj", "{60B843F9-065E-4B1E-A018-9643C5CACC55}"
EndProject
Project("{FAE04EC0-301F-11D3-BF4B-00C04F79EFBC}") = "IDisposableDemo", "IDisposableDemo\IDisposableDemo.csproj", "{02CEF9E7-7254-40BC-8682-A3ED81A0DCB5}"
EndProject
Project("{FAE04EC0-301F-11D3-BF4B-00C04F79EFBC}") = "RefAndValueTypeDemo", "RefAndValueTypeDemo\RefAndValueTypeDemo.csproj", "{C23AD940-0096-4B50-B316-68148FA65600}"
EndProject
Global
	GlobalSection(SolutionConfigurationPlatforms) = preSolution
		Debug|Any CPU = Debug|Any CPU
		Release|Any CPU = Release|Any CPU
	EndGlobalSection
	GlobalSection(ProjectConfigurationPlatforms) = postSolution
		{C4FD96A5-6821-4820-B062-AB5C7CF1DD24}.Debug|Any CPU.ActiveCfg = Debug|Any CPU
		{C4FD96A5-6821-4820-B062-AB5C7CF1DD24}.Debug|Any CPU.Build.0 = Debug|Any CPU
		{C4FD96A5-6821-4820-B062-AB5C7CF1DD24}.Release|Any CPU.ActiveCfg = Release|Any CPU
		{C4FD96A5-6821-4820-B062-AB5C7CF1DD24}.Release|Any CPU.Build.0 = Release|Any CPU
		{599B5A06-CA53-44AC-B5A5-F398A058A111}.Debug|Any CPU.ActiveCfg = Debug|Any CPU
		{599B5A06-CA53-44AC-B5A5-F398A058A111}.Debug|Any CPU.Build.0 = Debug|Any CPU
		{599B5A06-CA53-44AC-B5A5-F398A058A111}.Release|Any CPU.ActiveCfg = Release|Any CPU
		{599B5A06-CA53-44AC-B5A5-F398A058A111}.Release|Any CPU.Build.0 = Release|Any CPU
		{60B843F9-065E-4B1E-A018-9643C5CACC55}.Debug|Any CPU.ActiveCfg = Debug|Any CPU
		{60B843F9-065E-4B1E-A018-9643C5CACC55}.Debug|Any CPU.Build.0 = Debug|Any CPU
		{60B843F9-065E-4B1E-A018-9643C5CACC55}.Release|Any CPU.ActiveCfg = Release|Any CPU
		{60B843F9-065E-4B1E-A018-9643C5CACC55}.Release|Any CPU.Build.0 = Release|Any CPU
		{02CEF9E7-7254-40BC-8682-A3ED81A0DCB5}.Debug|Any CPU.ActiveCfg = Debug|Any CPU
		{02CEF9E7-7254-40BC-8682-A3ED81A0DCB5}.Debug|Any CPU.Build.0 = Debug|Any CPU
		{02CEF9E7-7254-40BC-8682-A3ED81A0DCB5}.Release|Any CPU.ActiveCfg = Release|Any CPU
		{02CEF9E7-7254-40BC-8682-A3ED81A0DCB5}.Release|Any CPU.Build.0 = Release|Any CPU
		{C23AD940-0096-4B50-B316-68148FA65600}.Debug|Any CPU.ActiveCfg = Debug|Any CPU
		{C23AD940-0096-4B50-B316-68148FA65600}.Debug|Any CPU.Build.0 = Debug|Any CPU
		{C23AD940-0096-4B50-B316-68148FA65600}.Release|Any CPU.ActiveCfg = Release|Any CPU
		{C23AD940-0096-4B50-B316-68148FA65600}.Release|Any CPU.Build.0 = Release|Any CPU
	EndGlobalSection
	GlobalSection(SolutionProperties) = preSolution
		HideSolutionNode = FALSE
	EndGlobalSection
	GlobalSection(ExtensibilityGlobals) = postSolution
		SolutionGuid = {4D56CB19-15C7-4447-83BD-390891070B9A}
	EndGlobalSection
EndGlobal
